
Microsoft Visual Studio Solution File, Format Version 12.00
# Visual Studio 15
VisualStudioVersion = 15.0.27703.2026
MinimumVisualStudioVersion = 10.0.40219.1
Project("{FAE04EC0-301F-11D3-BF4B-00C04F79EFBC}") = "DigObr", "DigObr\DigObr.csproj", "{D6F01E7C-DF54-4BE8-A944-398D0E83C0D3}"
EndProject
Global
	GlobalSection(SolutionConfigurationPlatforms) = preSolution
		Debug|Any CPU = Debug|Any CPU
		Release|Any CPU = Release|Any CPU
	EndGlobalSection
	GlobalSection(ProjectConfigurationPlatforms) = postSolution
		{D6F01E7C-DF54-4BE8-A944-398D0E83C0D3}.Debug|Any CPU.ActiveCfg = Debug|Any CPU
		{D6F01E7C-DF54-4BE8-A944-398D0E83C0D3}.Debug|Any CPU.Build.0 = Debug|Any CPU
		{D6F01E7C-DF54-4BE8-A944-398D0E83C0D3}.Release|Any CPU.ActiveCfg = Release|Any CPU
		{D6F01E7C-DF54-4BE8-A944-398D0E83C0D3}.Release|Any CPU.Build.0 = Release|Any CPU
	EndGlobalSection
	GlobalSection(SolutionProperties) = preSolution
		HideSolutionNode = FALSE
	EndGlobalSection
	GlobalSection(ExtensibilityGlobals) = postSolution
		SolutionGuid = {A1182F2B-E446-46D5-91F3-D36C29E53C36}
	EndGlobalSection
EndGlobal
